// !$*UTF8*$!
{
	archiveVersion = 1;
	classes = {
	};
	objectVersion = 50;
	objects = {

/* Begin PBXBuildFile section */
		68764BD8219A6C3D00922197 /* AppDelegate.swift in Sources */ = {isa = PBXBuildFile; fileRef = 68764BD7219A6C3D00922197 /* AppDelegate.swift */; };
		68764BDA219A6C3D00922197 /* ViewController.swift in Sources */ = {isa = PBXBuildFile; fileRef = 68764BD9219A6C3D00922197 /* ViewController.swift */; };
		68764BDD219A6C3D00922197 /* Main.storyboard in Resources */ = {isa = PBXBuildFile; fileRef = 68764BDB219A6C3D00922197 /* Main.storyboard */; };
		68764BDF219A6C3F00922197 /* Assets.xcassets in Resources */ = {isa = PBXBuildFile; fileRef = 68764BDE219A6C3F00922197 /* Assets.xcassets */; };
		68764BE2219A6C3F00922197 /* LaunchScreen.storyboard in Resources */ = {isa = PBXBuildFile; fileRef = 68764BE0219A6C3F00922197 /* LaunchScreen.storyboard */; };
		68764BEA219A80AE00922197 /* Object.swift in Sources */ = {isa = PBXBuildFile; fileRef = 68764BE9219A80AE00922197 /* Object.swift */; };
/* End PBXBuildFile section */

/* Begin PBXFileReference section */
		68764BD4219A6C3D00922197 /* ObjectPermanence.app */ = {isa = PBXFileReference; explicitFileType = wrapper.application; includeInIndex = 0; path = ObjectPermanence.app; sourceTree = BUILT_PRODUCTS_DIR; };
		68764BD7219A6C3D00922197 /* AppDelegate.swift */ = {isa = PBXFileReference; lastKnownFileType = sourcecode.swift; path = AppDelegate.swift; sourceTree = "<group>"; };
		68764BD9219A6C3D00922197 /* ViewController.swift */ = {isa = PBXFileReference; lastKnownFileType = sourcecode.swift; path = ViewController.swift; sourceTree = "<group>"; };
		68764BDC219A6C3D00922197 /* Base */ = {isa = PBXFileReference; lastKnownFileType = file.storyboard; name = Base; path = Base.lproj/Main.storyboard; sourceTree = "<group>"; };
		68764BDE219A6C3F00922197 /* Assets.xcassets */ = {isa = PBXFileReference; lastKnownFileType = folder.assetcatalog; path = Assets.xcassets; sourceTree = "<group>"; };
		68764BE1219A6C3F00922197 /* Base */ = {isa = PBXFileReference; lastKnownFileType = file.storyboard; name = Base; path = Base.lproj/LaunchScreen.storyboard; sourceTree = "<group>"; };
		68764BE3219A6C3F00922197 /* Info.plist */ = {isa = PBXFileReference; lastKnownFileType = text.plist.xml; path = Info.plist; sourceTree = "<group>"; };
		68764BE9219A80AE00922197 /* Object.swift */ = {isa = PBXFileReference; lastKnownFileType = sourcecode.swift; path = Object.swift; sourceTree = "<group>"; };
/* End PBXFileReference section */

/* Begin PBXFrameworksBuildPhase section */
		68764BD1219A6C3D00922197 /* Frameworks */ = {
			isa = PBXFrameworksBuildPhase;
			buildActionMask = 2147483647;
			files = (
			);
			runOnlyForDeploymentPostprocessing = 0;
		};
/* End PBXFrameworksBuildPhase section */

/* Begin PBXGroup section */
		68764BCB219A6C3D00922197 = {
			isa = PBXGroup;
			children = (
				68764BD6219A6C3D00922197 /* ObjectPermanence */,
				68764BD5219A6C3D00922197 /* Products */,
			);
			sourceTree = "<group>";
		};
		68764BD5219A6C3D00922197 /* Products */ = {
			isa = PBXGroup;
			children = (
				68764BD4219A6C3D00922197 /* ObjectPermanence.app */,
			);
			name = Products;
			sourceTree = "<group>";
		};
		68764BD6219A6C3D00922197 /* ObjectPermanence */ = {
			isa = PBXGroup;
			children = (
				68764BD7219A6C3D00922197 /* AppDelegate.swift */,
				68764BD9219A6C3D00922197 /* ViewController.swift */,
				68764BDB219A6C3D00922197 /* Main.storyboard */,
				68764BDE219A6C3F00922197 /* Assets.xcassets */,
				68764BE0219A6C3F00922197 /* LaunchScreen.storyboard */,
				68764BE3219A6C3F00922197 /* Info.plist */,
				68764BE9219A80AE00922197 /* Object.swift */,
			);
			path = ObjectPermanence;
			sourceTree = "<group>";
		};
/* End PBXGroup section */

/* Begin PBXNativeTarget section */
		68764BD3219A6C3D00922197 /* ObjectPermanence */ = {
			isa = PBXNativeTarget;
			buildConfigurationList = 68764BE6219A6C3F00922197 /* Build configuration list for PBXNativeTarget "ObjectPermanence" */;
			buildPhases = (
				68764BD0219A6C3D00922197 /* Sources */,
				68764BD1219A6C3D00922197 /* Frameworks */,
				68764BD2219A6C3D00922197 /* Resources */,
			);
			buildRules = (
			);
			dependencies = (
			);
			name = ObjectPermanence;
			productName = ObjectPermanence;
			productReference = 68764BD4219A6C3D00922197 /* ObjectPermanence.app */;
			productType = "com.apple.product-type.application";
		};
/* End PBXNativeTarget section */

/* Begin PBXProject section */
		68764BCC219A6C3D00922197 /* Project object */ = {
			isa = PBXProject;
			attributes = {
				LastSwiftUpdateCheck = 1010;
				LastUpgradeCheck = 1010;
				ORGANIZATIONNAME = "Erkin Otles";
				TargetAttributes = {
					68764BD3219A6C3D00922197 = {
						CreatedOnToolsVersion = 10.1;
					};
				};
			};
			buildConfigurationList = 68764BCF219A6C3D00922197 /* Build configuration list for PBXProject "ObjectPermanence" */;
			compatibilityVersion = "Xcode 9.3";
			developmentRegion = en;
			hasScannedForEncodings = 0;
			knownRegions = (
				en,
				Base,
			);
			mainGroup = 68764BCB219A6C3D00922197;
			productRefGroup = 68764BD5219A6C3D00922197 /* Products */;
			projectDirPath = "";
			projectRoot = "";
			targets = (
				68764BD3219A6C3D00922197 /* ObjectPermanence */,
			);
		};
/* End PBXProject section */

/* Begin PBXResourcesBuildPhase section */
		68764BD2219A6C3D00922197 /* Resources */ = {
			isa = PBXResourcesBuildPhase;
			buildActionMask = 2147483647;
			files = (
				68764BE2219A6C3F00922197 /* LaunchScreen.storyboard in Resources */,
				68764BDF219A6C3F00922197 /* Assets.xcassets in Resources */,
				68764BDD219A6C3D00922197 /* Main.storyboard in Resources */,
			);
			runOnlyForDeploymentPostprocessing = 0;
		};
/* End PBXResourcesBuildPhase section */

/* Begin PBXSourcesBuildPhase section */
		68764BD0219A6C3D00922197 /* Sources */ = {
			isa = PBXSourcesBuildPhase;
			buildActionMask = 2147483647;
			files = (
				68764BDA219A6C3D00922197 /* ViewController.swift in Sources */,
				68764BEA219A80AE00922197 /* Object.swift in Sources */,
				68764BD8219A6C3D00922197 /* AppDelegate.swift in Sources */,
			);
			runOnlyForDeploymentPostprocessing = 0;
		};
/* End PBXSourcesBuildPhase section */

/* Begin PBXVariantGroup section */
		68764BDB219A6C3D00922197 /* Main.storyboard */ = {
			isa = PBXVariantGroup;
			children = (
				68764BDC219A6C3D00922197 /* Base */,
			);
			name = Main.storyboard;
			sourceTree = "<group>";
		};
		68764BE0219A6C3F00922197 /* LaunchScreen.storyboard */ = {
			isa = PBXVariantGroup;
			children = (
				68764BE1219A6C3F00922197 /* Base */,
			);
			name = LaunchScreen.storyboard;
			sourceTree = "<group>";
		};
/* End PBXVariantGroup section */

/* Begin XCBuildConfiguration section */
		68764BE4219A6C3F00922197 /* Debug */ = {
			isa = XCBuildConfiguration;
			buildSettings = {
				ALWAYS_SEARCH_USER_PATHS = NO;
				CLANG_ANALYZER_NONNULL = YES;
				CLANG_ANALYZER_NUMBER_OBJECT_CONVERSION = YES_AGGRESSIVE;
				CLANG_CXX_LANGUAGE_STANDARD = "gnu++14";
				CLANG_CXX_LIBRARY = "libc++";
				CLANG_ENABLE_MODULES = YES;
				CLANG_ENABLE_OBJC_ARC = YES;
				CLANG_ENABLE_OBJC_WEAK = YES;
				CLANG_WARN_BLOCK_CAPTURE_AUTORELEASING = YES;
				CLANG_WARN_BOOL_CONVERSION = YES;
				CLANG_WARN_COMMA = YES;
				CLANG_WARN_CONSTANT_CONVERSION = YES;
				CLANG_WARN_DEPRECATED_OBJC_IMPLEMENTATIONS = YES;
				CLANG_WARN_DIRECT_OBJC_ISA_USAGE = YES_ERROR;
				CLANG_WARN_DOCUMENTATION_COMMENTS = YES;
				CLANG_WARN_EMPTY_BODY = YES;
				CLANG_WARN_ENUM_CONVERSION = YES;
				CLANG_WARN_INFINITE_RECURSION = YES;
				CLANG_WARN_INT_CONVERSION = YES;
				CLANG_WARN_NON_LITERAL_NULL_CONVERSION = YES;
				CLANG_WARN_OBJC_IMPLICIT_RETAIN_SELF = YES;
				CLANG_WARN_OBJC_LITERAL_CONVERSION = YES;
				CLANG_WARN_OBJC_ROOT_CLASS = YES_ERROR;
				CLANG_WARN_RANGE_LOOP_ANALYSIS = YES;
				CLANG_WARN_STRICT_PROTOTYPES = YES;
				CLANG_WARN_SUSPICIOUS_MOVE = YES;
				CLANG_WARN_UNGUARDED_AVAILABILITY = YES_AGGRESSIVE;
				CLANG_WARN_UNREACHABLE_CODE = YES;
				CLANG_WARN__DUPLICATE_METHOD_MATCH = YES;
				CODE_SIGN_IDENTITY = "iPhone Developer";
				COPY_PHASE_STRIP = NO;
				DEBUG_INFORMATION_FORMAT = dwarf;
				ENABLE_STRICT_OBJC_MSGSEND = YES;
				ENABLE_TESTABILITY = YES;
				GCC_C_LANGUAGE_STANDARD = gnu11;
				GCC_DYNAMIC_NO_PIC = NO;
				GCC_NO_COMMON_BLOCKS = YES;
				GCC_OPTIMIZATION_LEVEL = 0;
				GCC_PREPROCESSOR_DEFINITIONS = (
					"DEBUG=1",
					"$(inherited)",
				);
				GCC_WARN_64_TO_32_BIT_CONVERSION = YES;
				GCC_WARN_ABOUT_RETURN_TYPE = YES_ERROR;
				GCC_WARN_UNDECLARED_SELECTOR = YES;
				GCC_WARN_UNINITIALIZED_AUTOS = YES_AGGRESSIVE;
				GCC_WARN_UNUSED_FUNCTION = YES;
				GCC_WARN_UNUSED_VARIABLE = YES;
				IPHONEOS_DEPLOYMENT_TARGET = 12.1;
				MTL_ENABLE_DEBUG_INFO = INCLUDE_SOURCE;
				MTL_FAST_MATH = YES;
				ONLY_ACTIVE_ARCH = YES;
				SDKROOT = iphoneos;
				SWIFT_ACTIVE_COMPILATION_CONDITIONS = DEBUG;
				SWIFT_OPTIMIZATION_LEVEL = "-Onone";
			};
			name = Debug;
		};
		68764BE5219A6C3F00922197 /* Release */ = {
			isa = XCBuildConfiguration;
			buildSettings = {
				ALWAYS_SEARCH_USER_PATHS = NO;
				CLANG_ANALYZER_NONNULL = YES;
				CLANG_ANALYZER_NUMBER_OBJECT_CONVERSION = YES_AGGRESSIVE;
				CLANG_CXX_LANGUAGE_STANDARD = "gnu++14";
				CLANG_CXX_LIBRARY = "libc++";
				CLANG_ENABLE_MODULES = YES;
				CLANG_ENABLE_OBJC_ARC = YES;
				CLANG_ENABLE_OBJC_WEAK = YES;
				CLANG_WARN_BLOCK_CAPTURE_AUTORELEASING = YES;
				CLANG_WARN_BOOL_CONVERSION = YES;
				CLANG_WARN_COMMA = YES;
				CLANG_WARN_CONSTANT_CONVERSION = YES;
				CLANG_WARN_DEPRECATED_OBJC_IMPLEMENTATIONS = YES;
				CLANG_WARN_DIRECT_OBJC_ISA_USAGE = YES_ERROR;
				CLANG_WARN_DOCUMENTATION_COMMENTS = YES;
				CLANG_WARN_EMPTY_BODY = YES;
				CLANG_WARN_ENUM_CONVERSION = YES;
				CLANG_WARN_INFINITE_RECURSION = YES;
				CLANG_WARN_INT_CONVERSION = YES;
				CLANG_WARN_NON_LITERAL_NULL_CONVERSION = YES;
				CLANG_WARN_OBJC_IMPLICIT_RETAIN_SELF = YES;
				CLANG_WARN_OBJC_LITERAL_CONVERSION = YES;
				CLANG_WARN_OBJC_ROOT_CLASS = YES_ERROR;
				CLANG_WARN_RANGE_LOOP_ANALYSIS = YES;
				CLANG_WARN_STRICT_PROTOTYPES = YES;
				CLANG_WARN_SUSPICIOUS_MOVE = YES;
				CLANG_WARN_UNGUARDED_AVAILABILITY = YES_AGGRESSIVE;
				CLANG_WARN_UNREACHABLE_CODE = YES;
				CLANG_WARN__DUPLICATE_METHOD_MATCH = YES;
				CODE_SIGN_IDENTITY = "iPhone Developer";
				COPY_PHASE_STRIP = NO;
				DEBUG_INFORMATION_FORMAT = "dwarf-with-dsym";
				ENABLE_NS_ASSERTIONS = NO;
				ENABLE_STRICT_OBJC_MSGSEND = YES;
				GCC_C_LANGUAGE_STANDARD = gnu11;
				GCC_NO_COMMON_BLOCKS = YES;
				GCC_WARN_64_TO_32_BIT_CONVERSION = YES;
				GCC_WARN_ABOUT_RETURN_TYPE = YES_ERROR;
				GCC_WARN_UNDECLARED_SELECTOR = YES;
				GCC_WARN_UNINITIALIZED_AUTOS = YES_AGGRESSIVE;
				GCC_WARN_UNUSED_FUNCTION = YES;
				GCC_WARN_UNUSED_VARIABLE = YES;
				IPHONEOS_DEPLOYMENT_TARGET = 12.1;
				MTL_ENABLE_DEBUG_INFO = NO;
				MTL_FAST_MATH = YES;
				SDKROOT = iphoneos;
				SWIFT_COMPILATION_MODE = wholemodule;
				SWIFT_OPTIMIZATION_LEVEL = "-O";
				VALIDATE_PRODUCT = YES;
			};
			name = Release;
		};
		68764BE7219A6C3F00922197 /* Debug */ = {
			isa = XCBuildConfiguration;
			buildSettings = {
				ASSETCATALOG_COMPILER_APPICON_NAME = AppIcon;
				CODE_SIGN_STYLE = Automatic;
				DEVELOPMENT_TEAM = H77QMQGMMH;
				INFOPLIST_FILE = ObjectPermanence/Info.plist;
				IPHONEOS_DEPLOYMENT_TARGET = 12.0;
				LD_RUNPATH_SEARCH_PATHS = (
					"$(inherited)",
					"@executable_path/Frameworks",
				);
				PRODUCT_BUNDLE_IDENTIFIER = eotles.ObjectPermanence;
				PRODUCT_NAME = "$(TARGET_NAME)";
				SWIFT_VERSION = 4.2;
				TARGETED_DEVICE_FAMILY = "1,2";
			};
			name = Debug;
		};
		68764BE8219A6C3F00922197 /* Release */ = {
			isa = XCBuildConfiguration;
			buildSettings = {
				ASSETCATALOG_COMPILER_APPICON_NAME = AppIcon;
				CODE_SIGN_STYLE = Automatic;
				DEVELOPMENT_TEAM = H77QMQGMMH;
				INFOPLIST_FILE = ObjectPermanence/Info.plist;
				IPHONEOS_DEPLOYMENT_TARGET = 12.0;
				LD_RUNPATH_SEARCH_PATHS = (
					"$(inherited)",
					"@executable_path/Frameworks",
				);
				PRODUCT_BUNDLE_IDENTIFIER = eotles.ObjectPermanence;
				PRODUCT_NAME = "$(TARGET_NAME)";
				SWIFT_VERSION = 4.2;
				TARGETED_DEVICE_FAMILY = "1,2";
			};
			name = Release;
		};
/* End XCBuildConfiguration section */

/* Begin XCConfigurationList section */
		68764BCF219A6C3D00922197 /* Build configuration list for PBXProject "ObjectPermanence" */ = {
			isa = XCConfigurationList;
			buildConfigurations = (
				68764BE4219A6C3F00922197 /* Debug */,
				68764BE5219A6C3F00922197 /* Release */,
			);
			defaultConfigurationIsVisible = 0;
			defaultConfigurationName = Release;
		};
		68764BE6219A6C3F00922197 /* Build configuration list for PBXNativeTarget "ObjectPermanence" */ = {
			isa = XCConfigurationList;
			buildConfigurations = (
				68764BE7219A6C3F00922197 /* Debug */,
				68764BE8219A6C3F00922197 /* Release */,
			);
			defaultConfigurationIsVisible = 0;
			defaultConfigurationName = Release;
		};
/* End XCConfigurationList section */
	};
	rootObject = 68764BCC219A6C3D00922197 /* Project object */;
}
